
Microsoft Visual Studio Solution File, Format Version 12.00
# Visual Studio Version 17
VisualStudioVersion = 17.0.32014.148
MinimumVisualStudioVersion = 10.0.40219.1
Project("{FAE04EC0-301F-11D3-BF4B-00C04F79EFBC}") = "Blogg", "Blogg.csproj", "{92FEEFE3-3A2C-4CCB-8A43-9995AA6D7BA9}"
EndProject
Global
	GlobalSection(SolutionConfigurationPlatforms) = preSolution
		Debug|Any CPU = Debug|Any CPU
		Release|Any CPU = Release|Any CPU
	EndGlobalSection
	GlobalSection(ProjectConfigurationPlatforms) = postSolution
		{92FEEFE3-3A2C-4CCB-8A43-9995AA6D7BA9}.Debug|Any CPU.ActiveCfg = Debug|Any CPU
		{92FEEFE3-3A2C-4CCB-8A43-9995AA6D7BA9}.Debug|Any CPU.Build.0 = Debug|Any CPU
		{92FEEFE3-3A2C-4CCB-8A43-9995AA6D7BA9}.Release|Any CPU.ActiveCfg = Release|Any CPU
		{92FEEFE3-3A2C-4CCB-8A43-9995AA6D7BA9}.Release|Any CPU.Build.0 = Release|Any CPU
	EndGlobalSection
	GlobalSection(SolutionProperties) = preSolution
		HideSolutionNode = FALSE
	EndGlobalSection
	GlobalSection(ExtensibilityGlobals) = postSolution
		SolutionGuid = {C86586CF-C795-4738-A5B4-DE7BCBD07B33}
	EndGlobalSection
EndGlobal
